
Microsoft Visual Studio Solution File, Format Version 12.00
# Visual Studio Version 16
VisualStudioVersion = 16.0.29215.179
MinimumVisualStudioVersion = 10.0.40219.1
Project("{FAE04EC0-301F-11D3-BF4B-00C04F79EFBC}") = "ForConsole6", "ForConsole6\ForConsole6.csproj", "{9EABBC49-75C1-4B26-8946-54CEF3BA9C99}"
EndProject
Project("{FAE04EC0-301F-11D3-BF4B-00C04F79EFBC}") = "ForConsole7", "ForConsole7\ForConsole7.csproj", "{C1305BDF-7586-4ADF-896C-C8F04AB138D6}"
EndProject
Project("{FAE04EC0-301F-11D3-BF4B-00C04F79EFBC}") = "WhileConsole1", "WhileConsole1\WhileConsole1.csproj", "{2EE5923A-B8CD-4D7F-A3C4-7E821143D5A0}"
EndProject
Project("{FAE04EC0-301F-11D3-BF4B-00C04F79EFBC}") = "WhileConsole2", "WhileConsole2\WhileConsole2.csproj", "{5CB3F123-E8DC-4666-94F1-34FE383F3092}"
EndProject
Project("{FAE04EC0-301F-11D3-BF4B-00C04F79EFBC}") = "DoWhileConsole1", "DoWhileConsole1\DoWhileConsole1.csproj", "{AFA94784-FF42-4222-87B7-8C95DB84C37D}"
EndProject
Global
	GlobalSection(SolutionConfigurationPlatforms) = preSolution
		Debug|Any CPU = Debug|Any CPU
		Release|Any CPU = Release|Any CPU
	EndGlobalSection
	GlobalSection(ProjectConfigurationPlatforms) = postSolution
		{9EABBC49-75C1-4B26-8946-54CEF3BA9C99}.Debug|Any CPU.ActiveCfg = Debug|Any CPU
		{9EABBC49-75C1-4B26-8946-54CEF3BA9C99}.Debug|Any CPU.Build.0 = Debug|Any CPU
		{9EABBC49-75C1-4B26-8946-54CEF3BA9C99}.Release|Any CPU.ActiveCfg = Release|Any CPU
		{9EABBC49-75C1-4B26-8946-54CEF3BA9C99}.Release|Any CPU.Build.0 = Release|Any CPU
		{C1305BDF-7586-4ADF-896C-C8F04AB138D6}.Debug|Any CPU.ActiveCfg = Debug|Any CPU
		{C1305BDF-7586-4ADF-896C-C8F04AB138D6}.Debug|Any CPU.Build.0 = Debug|Any CPU
		{C1305BDF-7586-4ADF-896C-C8F04AB138D6}.Release|Any CPU.ActiveCfg = Release|Any CPU
		{C1305BDF-7586-4ADF-896C-C8F04AB138D6}.Release|Any CPU.Build.0 = Release|Any CPU
		{2EE5923A-B8CD-4D7F-A3C4-7E821143D5A0}.Debug|Any CPU.ActiveCfg = Debug|Any CPU
		{2EE5923A-B8CD-4D7F-A3C4-7E821143D5A0}.Debug|Any CPU.Build.0 = Debug|Any CPU
		{2EE5923A-B8CD-4D7F-A3C4-7E821143D5A0}.Release|Any CPU.ActiveCfg = Release|Any CPU
		{2EE5923A-B8CD-4D7F-A3C4-7E821143D5A0}.Release|Any CPU.Build.0 = Release|Any CPU
		{5CB3F123-E8DC-4666-94F1-34FE383F3092}.Debug|Any CPU.ActiveCfg = Debug|Any CPU
		{5CB3F123-E8DC-4666-94F1-34FE383F3092}.Debug|Any CPU.Build.0 = Debug|Any CPU
		{5CB3F123-E8DC-4666-94F1-34FE383F3092}.Release|Any CPU.ActiveCfg = Release|Any CPU
		{5CB3F123-E8DC-4666-94F1-34FE383F3092}.Release|Any CPU.Build.0 = Release|Any CPU
		{AFA94784-FF42-4222-87B7-8C95DB84C37D}.Debug|Any CPU.ActiveCfg = Debug|Any CPU
		{AFA94784-FF42-4222-87B7-8C95DB84C37D}.Debug|Any CPU.Build.0 = Debug|Any CPU
		{AFA94784-FF42-4222-87B7-8C95DB84C37D}.Release|Any CPU.ActiveCfg = Release|Any CPU
		{AFA94784-FF42-4222-87B7-8C95DB84C37D}.Release|Any CPU.Build.0 = Release|Any CPU
	EndGlobalSection
	GlobalSection(SolutionProperties) = preSolution
		HideSolutionNode = FALSE
	EndGlobalSection
	GlobalSection(ExtensibilityGlobals) = postSolution
		SolutionGuid = {815C3A8B-9B3F-431A-B048-80052F1A1F72}
	EndGlobalSection
EndGlobal
